
Microsoft Visual Studio Solution File, Format Version 12.00
# Visual Studio Version 17
VisualStudioVersion = 17.4.33403.182
MinimumVisualStudioVersion = 10.0.40219.1
Project("{FAE04EC0-301F-11D3-BF4B-00C04F79EFBC}") = "DevFreela.API", "DevFreela.API\DevFreela.API.csproj", "{558DEADD-328D-473A-AEDC-13DF14818791}"
EndProject
Global
	GlobalSection(SolutionConfigurationPlatforms) = preSolution
		Debug|Any CPU = Debug|Any CPU
		Release|Any CPU = Release|Any CPU
	EndGlobalSection
	GlobalSection(ProjectConfigurationPlatforms) = postSolution
		{558DEADD-328D-473A-AEDC-13DF14818791}.Debug|Any CPU.ActiveCfg = Debug|Any CPU
		{558DEADD-328D-473A-AEDC-13DF14818791}.Debug|Any CPU.Build.0 = Debug|Any CPU
		{558DEADD-328D-473A-AEDC-13DF14818791}.Release|Any CPU.ActiveCfg = Release|Any CPU
		{558DEADD-328D-473A-AEDC-13DF14818791}.Release|Any CPU.Build.0 = Release|Any CPU
	EndGlobalSection
	GlobalSection(SolutionProperties) = preSolution
		HideSolutionNode = FALSE
	EndGlobalSection
	GlobalSection(ExtensibilityGlobals) = postSolution
		SolutionGuid = {AF687A8F-697A-42DD-A4BD-4EEAB7BC9E0B}
	EndGlobalSection
EndGlobal
